<Solution>
  <Folder Name="/src/">
    <Project Path="src/TailorCV.Api/TailorCV.Api.csproj" />
    <Project Path="src/TailorCV.Infrastructure/TailorCV.Infrastructure.csproj" />
    <Project Path="src/TailorCV.Shared/TailorCV.Shared.csproj" />
  </Folder>
  <Folder Name="/src/Modules/" />
  <Folder Name="/src/Modules/CVGenerator/">
    <Project Path="src/Modules/CVGenerator/TailorCV.CVGenerator.Contracts/TailorCV.CVGenerator.Contracts.csproj" />
    <Project Path="src/Modules/CVGenerator/TailorCV.CVGenerator/TailorCV.CVGenerator.csproj" />
  </Folder>
  <Folder Name="/src/Modules/Identity/">
    <Project Path="src/Modules/Identity/TailorCV.Identity.Contracts/TailorCV.Identity.Contracts.csproj" />
    <Project Path="src/Modules/Identity/TailorCV.Identity/TailorCV.Identity.csproj" />
  </Folder>
  <Folder Name="/src/Modules/JobScraper/">
    <Project Path="src/Modules/JobScraper/TailorCV.JobScraper.Contracts/TailorCV.JobScraper.Contracts.csproj" />
    <Project Path="src/Modules/JobScraper/TailorCV.JobScraper/TailorCV.JobScraper.csproj" />
  </Folder>
  <Folder Name="/src/Modules/Profile/">
    <Project Path="src/Modules/Profile/TailorCV.Profile.Contracts/TailorCV.Profile.Contracts.csproj" />
    <Project Path="src/Modules/Profile/TailorCV.Profile/TailorCV.Profile.csproj" />
  </Folder>
  <Folder Name="/src/Modules/Templates/">
    <Project Path="src/Modules/Templates/TailorCV.Templates.Contracts/TailorCV.Templates.Contracts.csproj" />
    <Project Path="src/Modules/Templates/TailorCV.Templates/TailorCV.Templates.csproj" />
  </Folder>
</Solution>
